{
  "name": "nuxt-auth-playground-authjs",
  "lockfileVersion": 3,
  "requires": true,
  "packages": {
    "": {
      "name": "nuxt-auth-playground-authjs",
      "hasInstallScript": true,
      "dependencies": {
        "@auth/dynamodb-adapter": "^1.0.1",
        "next-auth": "^4.23.0",
        "uuid": "^9.0.0"
      },
      "devDependencies": {
        "eslint": "^8.37.0",
        "nuxt": "^3.4.2",
        "typescript": "^5.0.3",
        "vue-tsc": "^1.2.0"
      }
    },
    "../node_modules/.pnpm/@auth+dynamodb-adapter@1.0.1_@aws-sdk+client-dynamodb@3.388.0_@aws-sdk+lib-dynamodb@3.388.0/node_modules/@auth/dynamodb-adapter": {
      "version": "1.0.1",
      "license": "ISC",
      "dependencies": {
        "@auth/core": "0.10.0"
      },
      "devDependencies": {
        "@aws-sdk/client-dynamodb": "^3.36.1",
        "@aws-sdk/lib-dynamodb": "^3.36.1",
        "@next-auth/adapter-test": "0.0.0",
        "@next-auth/tsconfig": "0.0.0",
        "@shelf/jest-dynamodb": "^2.1.0",
        "jest": "^27.4.3"
      },
      "peerDependencies": {
        "@aws-sdk/client-dynamodb": "^3.36.1",
        "@aws-sdk/lib-dynamodb": "^3.36.1"
      }
    },
    "../node_modules/.pnpm/eslint@8.38.0/node_modules/eslint": {
      "version": "8.38.0",
      "dev": true,
      "license": "MIT",
      "dependencies": {
        "@eslint-community/eslint-utils": "^4.2.0",
        "@eslint-community/regexpp": "^4.4.0",
        "@eslint/eslintrc": "^2.0.2",
        "@eslint/js": "8.38.0",
        "@humanwhocodes/config-array": "^0.11.8",
        "@humanwhocodes/module-importer": "^1.0.1",
        "@nodelib/fs.walk": "^1.2.8",
        "ajv": "^6.10.0",
        "chalk": "^4.0.0",
        "cross-spawn": "^7.0.2",
        "debug": "^4.3.2",
        "doctrine": "^3.0.0",
        "escape-string-regexp": "^4.0.0",
        "eslint-scope": "^7.1.1",
        "eslint-visitor-keys": "^3.4.0",
        "espree": "^9.5.1",
        "esquery": "^1.4.2",
        "esutils": "^2.0.2",
        "fast-deep-equal": "^3.1.3",
        "file-entry-cache": "^6.0.1",
        "find-up": "^5.0.0",
        "glob-parent": "^6.0.2",
        "globals": "^13.19.0",
        "grapheme-splitter": "^1.0.4",
        "ignore": "^5.2.0",
        "import-fresh": "^3.0.0",
        "imurmurhash": "^0.1.4",
        "is-glob": "^4.0.0",
        "is-path-inside": "^3.0.3",
        "js-sdsl": "^4.1.4",
        "js-yaml": "^4.1.0",
        "json-stable-stringify-without-jsonify": "^1.0.1",
        "levn": "^0.4.1",
        "lodash.merge": "^4.6.2",
        "minimatch": "^3.1.2",
        "natural-compare": "^1.4.0",
        "optionator": "^0.9.1",
        "strip-ansi": "^6.0.1",
        "strip-json-comments": "^3.1.0",
        "text-table": "^0.2.0"
      },
      "bin": {
        "eslint": "bin/eslint.js"
      },
      "devDependencies": {
        "@babel/core": "^7.4.3",
        "@babel/preset-env": "^7.4.3",
        "babel-loader": "^8.0.5",
        "c8": "^7.12.0",
        "chai": "^4.0.1",
        "cheerio": "^0.22.0",
        "common-tags": "^1.8.0",
        "core-js": "^3.1.3",
        "ejs": "^3.0.2",
        "eslint": "file:.",
        "eslint-config-eslint": "file:packages/eslint-config-eslint",
        "eslint-plugin-eslint-comments": "^3.2.0",
        "eslint-plugin-eslint-plugin": "^4.4.0",
        "eslint-plugin-internal-rules": "file:tools/internal-rules",
        "eslint-plugin-jsdoc": "^38.1.6",
        "eslint-plugin-n": "^15.2.4",
        "eslint-plugin-unicorn": "^42.0.0",
        "eslint-release": "^3.2.0",
        "eslump": "^3.0.0",
        "esprima": "^4.0.1",
        "fast-glob": "^3.2.11",
        "fs-teardown": "^0.1.3",
        "glob": "^7.1.6",
        "got": "^11.8.3",
        "gray-matter": "^4.0.3",
        "karma": "^6.1.1",
        "karma-chrome-launcher": "^3.1.0",
        "karma-mocha": "^2.0.1",
        "karma-mocha-reporter": "^2.2.5",
        "karma-webpack": "^5.0.0",
        "lint-staged": "^11.0.0",
        "load-perf": "^0.2.0",
        "markdownlint": "^0.25.1",
        "markdownlint-cli": "^0.31.1",
        "marked": "^4.0.8",
        "memfs": "^3.0.1",
        "metascraper": "^5.25.7",
        "metascraper-description": "^5.25.7",
        "metascraper-image": "^5.29.3",
        "metascraper-logo": "^5.25.7",
        "metascraper-logo-favicon": "^5.25.7",
        "metascraper-title": "^5.25.7",
        "mocha": "^8.3.2",
        "mocha-junit-reporter": "^2.0.0",
        "node-polyfill-webpack-plugin": "^1.0.3",
        "npm-license": "^0.3.3",
        "pirates": "^4.0.5",
        "progress": "^2.0.3",
        "proxyquire": "^2.0.1",
        "puppeteer": "^13.7.0",
        "recast": "^0.20.4",
        "regenerator-runtime": "^0.13.2",
        "semver": "^7.3.5",
        "shelljs": "^0.8.2",
        "sinon": "^11.0.0",
        "temp": "^0.9.0",
        "webpack": "^5.23.0",
        "webpack-cli": "^4.5.0",
        "yorkie": "^2.0.0"
      },
      "engines": {
        "node": "^12.22.0 || ^14.17.0 || >=16.0.0"
      },
      "funding": {
        "url": "https://opencollective.com/eslint"
      }
    },
    "../node_modules/.pnpm/next-auth@4.23.0_next@13.2.4_react-dom@18.2.0_react@18.2.0/node_modules/next-auth": {
      "version": "4.23.0",
      "license": "ISC",
      "dependencies": {
        "@babel/runtime": "^7.20.13",
        "@panva/hkdf": "^1.0.2",
        "cookie": "^0.5.0",
        "jose": "^4.11.4",
        "oauth": "^0.9.15",
        "openid-client": "^5.4.0",
        "preact": "^10.6.3",
        "preact-render-to-string": "^5.1.19",
        "uuid": "^8.3.2"
      },
      "devDependencies": {
        "@babel/cli": "^7.17.10",
        "@babel/core": "^7.18.2",
        "@babel/plugin-proposal-optional-catch-binding": "^7.16.7",
        "@babel/plugin-transform-runtime": "^7.18.2",
        "@babel/preset-env": "^7.18.2",
        "@babel/preset-react": "^7.17.12",
        "@babel/preset-typescript": "^7.17.12",
        "@edge-runtime/jest-environment": "1.1.0-beta.35",
        "@next-auth/tsconfig": "0.0.0",
        "@swc/core": "^1.2.198",
        "@swc/jest": "^0.2.21",
        "@testing-library/dom": "^8.13.0",
        "@testing-library/jest-dom": "^5.16.4",
        "@testing-library/react": "^13.3.0",
        "@testing-library/react-hooks": "^8.0.0",
        "@testing-library/user-event": "^14.2.0",
        "@types/jest": "^28.1.3",
        "@types/node": "^17.0.42",
        "@types/nodemailer": "^6.4.4",
        "@types/oauth": "^0.9.1",
        "@types/react": "18.0.37",
        "@types/react-dom": "^18.0.6",
        "autoprefixer": "^10.4.7",
        "babel-plugin-jsx-pragmatic": "^1.0.2",
        "babel-preset-preact": "^2.0.0",
        "concurrently": "^7",
        "cssnano": "^5.1.11",
        "jest": "^28.1.1",
        "jest-environment-jsdom": "^28.1.1",
        "jest-watch-typeahead": "^1.1.0",
        "msw": "^0.42.3",
        "next": "13.3.0",
        "postcss": "^8.4.14",
        "postcss-cli": "^9.1.0",
        "postcss-nested": "^5.0.6",
        "react": "^18",
        "react-dom": "^18",
        "whatwg-fetch": "^3.6.2"
      },
      "peerDependencies": {
        "next": "^12.2.5 || ^13",
        "nodemailer": "^6.6.5",
        "react": "^17.0.2 || ^18",
        "react-dom": "^17.0.2 || ^18"
      },
      "peerDependenciesMeta": {
        "nodemailer": {
          "optional": true
        }
      }
    },
    "../node_modules/.pnpm/nuxt@3.4.2_@types+node@18.15.11_eslint@8.38.0_rollup@3.20.2_typescript@5.0.4_vue-tsc@1.2.0/node_modules/nuxt": {
      "version": "3.4.2",
      "dev": true,
      "license": "MIT",
      "dependencies": {
        "@nuxt/devalue": "^2.0.0",
        "@nuxt/kit": "3.4.2",
        "@nuxt/schema": "3.4.2",
        "@nuxt/telemetry": "^2.2.0",
        "@nuxt/ui-templates": "^1.1.1",
        "@nuxt/vite-builder": "3.4.2",
        "@unhead/ssr": "^1.1.26",
        "@unhead/vue": "^1.1.26",
        "@vue/shared": "^3.2.47",
        "chokidar": "^3.5.3",
        "cookie-es": "^0.5.0",
        "defu": "^6.1.2",
        "destr": "^1.2.2",
        "devalue": "^4.3.0",
        "escape-string-regexp": "^5.0.0",
        "estree-walker": "^3.0.3",
        "fs-extra": "^11.1.1",
        "globby": "^13.1.4",
        "h3": "^1.6.4",
        "hookable": "^5.5.3",
        "jiti": "^1.18.2",
        "klona": "^2.0.6",
        "knitwork": "^1.0.0",
        "local-pkg": "^0.4.3",
        "magic-string": "^0.30.0",
        "mlly": "^1.2.0",
        "nitropack": "^2.3.3",
        "nuxi": "3.4.2",
        "nypm": "^0.2.0",
        "ofetch": "^1.0.1",
        "ohash": "^1.1.1",
        "pathe": "^1.1.0",
        "perfect-debounce": "^0.1.3",
        "prompts": "^2.4.2",
        "scule": "^1.0.0",
        "strip-literal": "^1.0.1",
        "ufo": "^1.1.1",
        "unctx": "^2.3.0",
        "unenv": "^1.4.1",
        "unimport": "^3.0.6",
        "unplugin": "^1.3.1",
        "untyped": "^1.3.2",
        "vue": "^3.2.47",
        "vue-bundle-renderer": "^1.0.3",
        "vue-devtools-stub": "^0.1.0",
        "vue-router": "^4.1.6"
      },
      "bin": {
        "nuxi": "bin/nuxt.mjs",
        "nuxt": "bin/nuxt.mjs"
      },
      "devDependencies": {
        "@parcel/watcher": "^2.1.0",
        "@types/estree": "^1.0.1",
        "@types/fs-extra": "^11.0.1",
        "@types/prompts": "^2.4.4",
        "@vitejs/plugin-vue": "^4.1.0",
        "acorn": "^8.8.2",
        "unbuild": "latest",
        "vite": "^4.3.0",
        "vitest": "^0.30.1"
      },
      "engines": {
        "node": "^14.18.0 || ^16.10.0 || ^17.0.0 || ^18.0.0 || ^19.0.0"
      },
      "peerDependencies": {
        "@parcel/watcher": "^2.1.0",
        "@types/node": "^14.18.0 || ^16.10.0 || ^17.0.0 || ^18.0.0 || ^19.0.0"
      },
      "peerDependenciesMeta": {
        "@parcel/watcher": {
          "optional": true
        }
      }
    },
    "../node_modules/.pnpm/typescript@5.0.4/node_modules/typescript": {
      "version": "5.0.4",
      "dev": true,
      "license": "Apache-2.0",
      "bin": {
        "tsc": "bin/tsc",
        "tsserver": "bin/tsserver"
      },
      "devDependencies": {
        "@esfx/canceltoken": "^1.0.0",
        "@octokit/rest": "latest",
        "@types/chai": "^4.3.4",
        "@types/fs-extra": "^9.0.13",
        "@types/glob": "^8.1.0",
        "@types/microsoft__typescript-etw": "^0.1.1",
        "@types/minimist": "^1.2.2",
        "@types/mocha": "^10.0.1",
        "@types/ms": "^0.7.31",
        "@types/node": "latest",
        "@types/source-map-support": "^0.5.6",
        "@types/which": "^2.0.1",
        "@typescript-eslint/eslint-plugin": "^5.33.1",
        "@typescript-eslint/parser": "^5.33.1",
        "@typescript-eslint/utils": "^5.33.1",
        "azure-devops-node-api": "^11.2.0",
        "chai": "^4.3.7",
        "chalk": "^4.1.2",
        "chokidar": "^3.5.3",
        "del": "^6.1.1",
        "diff": "^5.1.0",
        "esbuild": "^0.17.2",
        "eslint": "^8.22.0",
        "eslint-formatter-autolinkable-stylish": "^1.2.0",
        "eslint-plugin-import": "^2.26.0",
        "eslint-plugin-local": "^1.0.0",
        "eslint-plugin-no-null": "^1.0.2",
        "eslint-plugin-simple-import-sort": "^10.0.0",
        "fast-xml-parser": "^4.0.11",
        "fs-extra": "^9.1.0",
        "glob": "^8.1.0",
        "hereby": "^1.6.4",
        "jsonc-parser": "^3.2.0",
        "minimist": "^1.2.8",
        "mocha": "^10.2.0",
        "mocha-fivemat-progress-reporter": "^0.1.0",
        "ms": "^2.1.3",
        "node-fetch": "^3.2.10",
        "source-map-support": "^0.5.21",
        "typescript": "5.0.0-dev.20230112",
        "which": "^2.0.2"
      },
      "engines": {
        "node": ">=12.20"
      }
    },
    "../node_modules/.pnpm/vue-tsc@1.2.0_typescript@5.0.4/node_modules/vue-tsc": {
      "version": "1.2.0",
      "dev": true,
      "license": "MIT",
      "dependencies": {
        "@volar/vue-language-core": "1.2.0",
        "@volar/vue-typescript": "1.2.0"
      },
      "bin": {
        "vue-tsc": "bin/vue-tsc.js"
      },
      "peerDependencies": {
        "typescript": "*"
      }
    },
    "node_modules/@auth/dynamodb-adapter": {
      "resolved": "../node_modules/.pnpm/@auth+dynamodb-adapter@1.0.1_@aws-sdk+client-dynamodb@3.388.0_@aws-sdk+lib-dynamodb@3.388.0/node_modules/@auth/dynamodb-adapter",
      "link": true
    },
    "node_modules/eslint": {
      "resolved": "../node_modules/.pnpm/eslint@8.38.0/node_modules/eslint",
      "link": true
    },
    "node_modules/next-auth": {
      "resolved": "../node_modules/.pnpm/next-auth@4.23.0_next@13.2.4_react-dom@18.2.0_react@18.2.0/node_modules/next-auth",
      "link": true
    },
    "node_modules/nuxt": {
      "resolved": "../node_modules/.pnpm/nuxt@3.4.2_@types+node@18.15.11_eslint@8.38.0_rollup@3.20.2_typescript@5.0.4_vue-tsc@1.2.0/node_modules/nuxt",
      "link": true
    },
    "node_modules/typescript": {
      "resolved": "../node_modules/.pnpm/typescript@5.0.4/node_modules/typescript",
      "link": true
    },
    "node_modules/uuid": {
      "version": "9.0.0",
      "resolved": "https://registry.npmjs.org/uuid/-/uuid-9.0.0.tgz",
      "integrity": "sha512-MXcSTerfPa4uqyzStbRoTgt5XIe3x5+42+q1sDuy3R5MDk66URdLMOZe5aPX/SQd+kuYAh0FdP/pO28IkQyTeg==",
      "bin": {
        "uuid": "dist/bin/uuid"
      }
    },
    "node_modules/vue-tsc": {
      "resolved": "../node_modules/.pnpm/vue-tsc@1.2.0_typescript@5.0.4/node_modules/vue-tsc",
      "link": true
    }
  }
}
